
Microsoft Visual Studio Solution File, Format Version 12.00
# Visual Studio Version 16
VisualStudioVersion = 16.0.29609.76
MinimumVisualStudioVersion = 10.0.40219.1
Project("{9A19103F-16F7-4668-BE54-9A1E7A4F7556}") = "PACTCore", "PACTCore\PACTCore.csproj", "{0B64C570-3C20-4F76-AA30-AD69D441AB67}"
EndProject
Project("{9A19103F-16F7-4668-BE54-9A1E7A4F7556}") = "PACTUniversal", "PACTUniversal\PACTUniversal.csproj", "{F94C13AB-7AE2-4789-B164-FD8553A990EE}"
EndProject
Project("{9A19103F-16F7-4668-BE54-9A1E7A4F7556}") = "PACTWPF", "PACTWPF\PACTWPF.csproj", "{A6E2BA6E-C1D4-4605-8462-54321E8ED179}"
EndProject
Global
	GlobalSection(SolutionConfigurationPlatforms) = preSolution
		Debug|Any CPU = Debug|Any CPU
		Release|Any CPU = Release|Any CPU
	EndGlobalSection
	GlobalSection(ProjectConfigurationPlatforms) = postSolution
		{0B64C570-3C20-4F76-AA30-AD69D441AB67}.Debug|Any CPU.ActiveCfg = Debug|Any CPU
		{0B64C570-3C20-4F76-AA30-AD69D441AB67}.Debug|Any CPU.Build.0 = Debug|Any CPU
		{0B64C570-3C20-4F76-AA30-AD69D441AB67}.Release|Any CPU.ActiveCfg = Release|Any CPU
		{0B64C570-3C20-4F76-AA30-AD69D441AB67}.Release|Any CPU.Build.0 = Release|Any CPU
		{F94C13AB-7AE2-4789-B164-FD8553A990EE}.Debug|Any CPU.ActiveCfg = Debug|Any CPU
		{F94C13AB-7AE2-4789-B164-FD8553A990EE}.Debug|Any CPU.Build.0 = Debug|Any CPU
		{F94C13AB-7AE2-4789-B164-FD8553A990EE}.Release|Any CPU.ActiveCfg = Release|Any CPU
		{F94C13AB-7AE2-4789-B164-FD8553A990EE}.Release|Any CPU.Build.0 = Release|Any CPU
		{A6E2BA6E-C1D4-4605-8462-54321E8ED179}.Debug|Any CPU.ActiveCfg = Debug|Any CPU
		{A6E2BA6E-C1D4-4605-8462-54321E8ED179}.Debug|Any CPU.Build.0 = Debug|Any CPU
		{A6E2BA6E-C1D4-4605-8462-54321E8ED179}.Release|Any CPU.ActiveCfg = Release|Any CPU
		{A6E2BA6E-C1D4-4605-8462-54321E8ED179}.Release|Any CPU.Build.0 = Release|Any CPU
	EndGlobalSection
	GlobalSection(SolutionProperties) = preSolution
		HideSolutionNode = FALSE
	EndGlobalSection
	GlobalSection(ExtensibilityGlobals) = postSolution
		SolutionGuid = {BCDC81A6-DD51-45AD-B77C-8FB2F3577266}
	EndGlobalSection
EndGlobal
